// !$*UTF8*$!
{
	archiveVersion = 1;
	classes = {
	};
	objectVersion = 56;
	objects = {

/* Begin PBXBuildFile section */
		6150DFB32950D80A004621B5 /* Launch Screen.storyboard in Resources */ = {isa = PBXBuildFile; fileRef = 6150DFB22950D80A004621B5 /* Launch Screen.storyboard */; };
		615671DF2958A551005F5D4C /* FamilyPaymentView.swift in Sources */ = {isa = PBXBuildFile; fileRef = 615671DE2958A551005F5D4C /* FamilyPaymentView.swift */; };
		615671E12958A5F2005F5D4C /* FamilyRow.swift in Sources */ = {isa = PBXBuildFile; fileRef = 615671E02958A5F2005F5D4C /* FamilyRow.swift */; };
		615D02F4294DEBAA004135F8 /* SubDataDetail.swift in Sources */ = {isa = PBXBuildFile; fileRef = 615D02F3294DEBAA004135F8 /* SubDataDetail.swift */; };
		615D02F6294DEC1B004135F8 /* ImageBox.swift in Sources */ = {isa = PBXBuildFile; fileRef = 615D02F5294DEC1B004135F8 /* ImageBox.swift */; };
		617046FD294BACCF009D2813 /* subscriptionData.swift in Sources */ = {isa = PBXBuildFile; fileRef = 617046FC294BACCF009D2813 /* subscriptionData.swift */; };
		6180F1B529507058005B8471 /* localNotificationMenager.swift in Sources */ = {isa = PBXBuildFile; fileRef = 6180F1B429507058005B8471 /* localNotificationMenager.swift */; };
		6180F1B729507569005B8471 /* localNotification.swift in Sources */ = {isa = PBXBuildFile; fileRef = 6180F1B629507569005B8471 /* localNotification.swift */; };
		61A43F57294B884900067732 /* SubscriptionRow.swift in Sources */ = {isa = PBXBuildFile; fileRef = 61A43F56294B884900067732 /* SubscriptionRow.swift */; };
		61A5B4DB294B65D200504634 /* subApp.swift in Sources */ = {isa = PBXBuildFile; fileRef = 61A5B4DA294B65D200504634 /* subApp.swift */; };
		61A5B4DD294B65D200504634 /* ContentView.swift in Sources */ = {isa = PBXBuildFile; fileRef = 61A5B4DC294B65D200504634 /* ContentView.swift */; };
		61A5B4DF294B65D300504634 /* Assets.xcassets in Resources */ = {isa = PBXBuildFile; fileRef = 61A5B4DE294B65D300504634 /* Assets.xcassets */; };
		61A5B4E2294B65D300504634 /* Preview Assets.xcassets in Resources */ = {isa = PBXBuildFile; fileRef = 61A5B4E1294B65D300504634 /* Preview Assets.xcassets */; };
		61A5B4E9294B6B4900504634 /* visaCard.swift in Sources */ = {isa = PBXBuildFile; fileRef = 61A5B4E8294B6B4900504634 /* visaCard.swift */; };
		61A5B4EB294B701A00504634 /* CardBar.swift in Sources */ = {isa = PBXBuildFile; fileRef = 61A5B4EA294B701A00504634 /* CardBar.swift */; };
		61A5B4ED294B82E600504634 /* UserIcon.swift in Sources */ = {isa = PBXBuildFile; fileRef = 61A5B4EC294B82E600504634 /* UserIcon.swift */; };
		61CA34D22955CF1300603B57 /* StatElement.swift in Sources */ = {isa = PBXBuildFile; fileRef = 61CA34D12955CF1300603B57 /* StatElement.swift */; };
		61CA34D42955D5EC00603B57 /* StatView.swift in Sources */ = {isa = PBXBuildFile; fileRef = 61CA34D32955D5EC00603B57 /* StatView.swift */; };
		61D76536294B9A8300A14FD3 /* AddNewSubPlusButton.swift in Sources */ = {isa = PBXBuildFile; fileRef = 61D76535294B9A8300A14FD3 /* AddNewSubPlusButton.swift */; };
/* End PBXBuildFile section */

/* Begin PBXFileReference section */
		6150DFB22950D80A004621B5 /* Launch Screen.storyboard */ = {isa = PBXFileReference; lastKnownFileType = file.storyboard; path = "Launch Screen.storyboard"; sourceTree = "<group>"; };
		615671DE2958A551005F5D4C /* FamilyPaymentView.swift */ = {isa = PBXFileReference; lastKnownFileType = sourcecode.swift; path = FamilyPaymentView.swift; sourceTree = "<group>"; };
		615671E02958A5F2005F5D4C /* FamilyRow.swift */ = {isa = PBXFileReference; lastKnownFileType = sourcecode.swift; path = FamilyRow.swift; sourceTree = "<group>"; };
		615D02F3294DEBAA004135F8 /* SubDataDetail.swift */ = {isa = PBXFileReference; lastKnownFileType = sourcecode.swift; path = SubDataDetail.swift; sourceTree = "<group>"; };
		615D02F5294DEC1B004135F8 /* ImageBox.swift */ = {isa = PBXFileReference; lastKnownFileType = sourcecode.swift; path = ImageBox.swift; sourceTree = "<group>"; };
		617046FC294BACCF009D2813 /* subscriptionData.swift */ = {isa = PBXFileReference; lastKnownFileType = sourcecode.swift; path = subscriptionData.swift; sourceTree = "<group>"; };
		6180F1B429507058005B8471 /* localNotificationMenager.swift */ = {isa = PBXFileReference; lastKnownFileType = sourcecode.swift; path = localNotificationMenager.swift; sourceTree = "<group>"; };
		6180F1B629507569005B8471 /* localNotification.swift */ = {isa = PBXFileReference; lastKnownFileType = sourcecode.swift; path = localNotification.swift; sourceTree = "<group>"; };
		61A43F56294B884900067732 /* SubscriptionRow.swift */ = {isa = PBXFileReference; lastKnownFileType = sourcecode.swift; path = SubscriptionRow.swift; sourceTree = "<group>"; };
		61A5B4D7294B65D200504634 /* sub.app */ = {isa = PBXFileReference; explicitFileType = wrapper.application; includeInIndex = 0; path = sub.app; sourceTree = BUILT_PRODUCTS_DIR; };
		61A5B4DA294B65D200504634 /* subApp.swift */ = {isa = PBXFileReference; lastKnownFileType = sourcecode.swift; path = subApp.swift; sourceTree = "<group>"; };
		61A5B4DC294B65D200504634 /* ContentView.swift */ = {isa = PBXFileReference; lastKnownFileType = sourcecode.swift; path = ContentView.swift; sourceTree = "<group>"; };
		61A5B4DE294B65D300504634 /* Assets.xcassets */ = {isa = PBXFileReference; lastKnownFileType = folder.assetcatalog; path = Assets.xcassets; sourceTree = "<group>"; };
		61A5B4E1294B65D300504634 /* Preview Assets.xcassets */ = {isa = PBXFileReference; lastKnownFileType = folder.assetcatalog; path = "Preview Assets.xcassets"; sourceTree = "<group>"; };
		61A5B4E8294B6B4900504634 /* visaCard.swift */ = {isa = PBXFileReference; lastKnownFileType = sourcecode.swift; path = visaCard.swift; sourceTree = "<group>"; };
		61A5B4EA294B701A00504634 /* CardBar.swift */ = {isa = PBXFileReference; lastKnownFileType = sourcecode.swift; path = CardBar.swift; sourceTree = "<group>"; };
		61A5B4EC294B82E600504634 /* UserIcon.swift */ = {isa = PBXFileReference; lastKnownFileType = sourcecode.swift; path = UserIcon.swift; sourceTree = "<group>"; };
		61CA34D12955CF1300603B57 /* StatElement.swift */ = {isa = PBXFileReference; lastKnownFileType = sourcecode.swift; path = StatElement.swift; sourceTree = "<group>"; };
		61CA34D32955D5EC00603B57 /* StatView.swift */ = {isa = PBXFileReference; lastKnownFileType = sourcecode.swift; path = StatView.swift; sourceTree = "<group>"; };
		61D76535294B9A8300A14FD3 /* AddNewSubPlusButton.swift */ = {isa = PBXFileReference; lastKnownFileType = sourcecode.swift; path = AddNewSubPlusButton.swift; sourceTree = "<group>"; };
/* End PBXFileReference section */

/* Begin PBXFrameworksBuildPhase section */
		61A5B4D4294B65D200504634 /* Frameworks */ = {
			isa = PBXFrameworksBuildPhase;
			buildActionMask = 2147483647;
			files = (
			);
			runOnlyForDeploymentPostprocessing = 0;
		};
/* End PBXFrameworksBuildPhase section */

/* Begin PBXGroup section */
		615671E22958AAFC005F5D4C /* Main Screen */ = {
			isa = PBXGroup;
			children = (
				61A5B4EA294B701A00504634 /* CardBar.swift */,
			);
			path = "Main Screen";
			sourceTree = "<group>";
		};
		615671E32958AB55005F5D4C /* Subscription */ = {
			isa = PBXGroup;
			children = (
				61A43F56294B884900067732 /* SubscriptionRow.swift */,
				615D02F3294DEBAA004135F8 /* SubDataDetail.swift */,
				61CA34D32955D5EC00603B57 /* StatView.swift */,
			);
			path = Subscription;
			sourceTree = "<group>";
		};
		615671E42958AB94005F5D4C /* Family Share */ = {
			isa = PBXGroup;
			children = (
				615671DE2958A551005F5D4C /* FamilyPaymentView.swift */,
				615671E02958A5F2005F5D4C /* FamilyRow.swift */,
			);
			path = "Family Share";
			sourceTree = "<group>";
		};
		6180F1B829507571005B8471 /* Notification */ = {
			isa = PBXGroup;
			children = (
				6180F1B429507058005B8471 /* localNotificationMenager.swift */,
				6180F1B629507569005B8471 /* localNotification.swift */,
			);
			path = Notification;
			sourceTree = "<group>";
		};
		6180F1B929507AC0005B8471 /* Data */ = {
			isa = PBXGroup;
			children = (
				617046FC294BACCF009D2813 /* subscriptionData.swift */,
			);
			path = Data;
			sourceTree = "<group>";
		};
		61A43F55294B878600067732 /* Views */ = {
			isa = PBXGroup;
			children = (
				61A5B4DC294B65D200504634 /* ContentView.swift */,
				615671E22958AAFC005F5D4C /* Main Screen */,
				615671E32958AB55005F5D4C /* Subscription */,
				615671E42958AB94005F5D4C /* Family Share */,
			);
			path = Views;
			sourceTree = "<group>";
		};
		61A5B4CE294B65D200504634 = {
			isa = PBXGroup;
			children = (
				61A5B4D9294B65D200504634 /* sub */,
				61A5B4D8294B65D200504634 /* Products */,
			);
			sourceTree = "<group>";
		};
		61A5B4D8294B65D200504634 /* Products */ = {
			isa = PBXGroup;
			children = (
				61A5B4D7294B65D200504634 /* sub.app */,
			);
			name = Products;
			sourceTree = "<group>";
		};
		61A5B4D9294B65D200504634 /* sub */ = {
			isa = PBXGroup;
			children = (
				6180F1B829507571005B8471 /* Notification */,
				61EE9D72294D12740036E51C /* Helper */,
				61A43F55294B878600067732 /* Views */,
				6180F1B929507AC0005B8471 /* Data */,
				61A5B4DE294B65D300504634 /* Assets.xcassets */,
				61A5B4DA294B65D200504634 /* subApp.swift */,
				61A5B4E0294B65D300504634 /* Preview Content */,
			);
			path = sub;
			sourceTree = "<group>";
		};
		61A5B4E0294B65D300504634 /* Preview Content */ = {
			isa = PBXGroup;
			children = (
				61A5B4E1294B65D300504634 /* Preview Assets.xcassets */,
			);
			path = "Preview Content";
			sourceTree = "<group>";
		};
		61EE9D72294D12740036E51C /* Helper */ = {
			isa = PBXGroup;
			children = (
				6150DFB22950D80A004621B5 /* Launch Screen.storyboard */,
				61A5B4EC294B82E600504634 /* UserIcon.swift */,
				61D76535294B9A8300A14FD3 /* AddNewSubPlusButton.swift */,
				61A5B4E8294B6B4900504634 /* visaCard.swift */,
				615D02F5294DEC1B004135F8 /* ImageBox.swift */,
				61CA34D12955CF1300603B57 /* StatElement.swift */,
			);
			path = Helper;
			sourceTree = "<group>";
		};
/* End PBXGroup section */

/* Begin PBXNativeTarget section */
		61A5B4D6294B65D200504634 /* sub */ = {
			isa = PBXNativeTarget;
			buildConfigurationList = 61A5B4E5294B65D300504634 /* Build configuration list for PBXNativeTarget "sub" */;
			buildPhases = (
				61A5B4D3294B65D200504634 /* Sources */,
				61A5B4D4294B65D200504634 /* Frameworks */,
				61A5B4D5294B65D200504634 /* Resources */,
			);
			buildRules = (
			);
			dependencies = (
			);
			name = sub;
			productName = sub;
			productReference = 61A5B4D7294B65D200504634 /* sub.app */;
			productType = "com.apple.product-type.application";
		};
/* End PBXNativeTarget section */

/* Begin PBXProject section */
		61A5B4CF294B65D200504634 /* Project object */ = {
			isa = PBXProject;
			attributes = {
				BuildIndependentTargetsInParallel = 1;
				LastSwiftUpdateCheck = 1410;
				LastUpgradeCheck = 1410;
				TargetAttributes = {
					61A5B4D6294B65D200504634 = {
						CreatedOnToolsVersion = 14.1;
					};
				};
			};
			buildConfigurationList = 61A5B4D2294B65D200504634 /* Build configuration list for PBXProject "sub" */;
			compatibilityVersion = "Xcode 14.0";
			developmentRegion = en;
			hasScannedForEncodings = 0;
			knownRegions = (
				en,
				Base,
			);
			mainGroup = 61A5B4CE294B65D200504634;
			productRefGroup = 61A5B4D8294B65D200504634 /* Products */;
			projectDirPath = "";
			projectRoot = "";
			targets = (
				61A5B4D6294B65D200504634 /* sub */,
			);
		};
/* End PBXProject section */

/* Begin PBXResourcesBuildPhase section */
		61A5B4D5294B65D200504634 /* Resources */ = {
			isa = PBXResourcesBuildPhase;
			buildActionMask = 2147483647;
			files = (
				6150DFB32950D80A004621B5 /* Launch Screen.storyboard in Resources */,
				61A5B4E2294B65D300504634 /* Preview Assets.xcassets in Resources */,
				61A5B4DF294B65D300504634 /* Assets.xcassets in Resources */,
			);
			runOnlyForDeploymentPostprocessing = 0;
		};
/* End PBXResourcesBuildPhase section */

/* Begin PBXSourcesBuildPhase section */
		61A5B4D3294B65D200504634 /* Sources */ = {
			isa = PBXSourcesBuildPhase;
			buildActionMask = 2147483647;
			files = (
				615D02F6294DEC1B004135F8 /* ImageBox.swift in Sources */,
				617046FD294BACCF009D2813 /* subscriptionData.swift in Sources */,
				615D02F4294DEBAA004135F8 /* SubDataDetail.swift in Sources */,
				61A5B4DD294B65D200504634 /* ContentView.swift in Sources */,
				615671E12958A5F2005F5D4C /* FamilyRow.swift in Sources */,
				6180F1B729507569005B8471 /* localNotification.swift in Sources */,
				61A5B4ED294B82E600504634 /* UserIcon.swift in Sources */,
				6180F1B529507058005B8471 /* localNotificationMenager.swift in Sources */,
				61A5B4E9294B6B4900504634 /* visaCard.swift in Sources */,
				615671DF2958A551005F5D4C /* FamilyPaymentView.swift in Sources */,
				61CA34D42955D5EC00603B57 /* StatView.swift in Sources */,
				61A5B4DB294B65D200504634 /* subApp.swift in Sources */,
				61D76536294B9A8300A14FD3 /* AddNewSubPlusButton.swift in Sources */,
				61A5B4EB294B701A00504634 /* CardBar.swift in Sources */,
				61CA34D22955CF1300603B57 /* StatElement.swift in Sources */,
				61A43F57294B884900067732 /* SubscriptionRow.swift in Sources */,
			);
			runOnlyForDeploymentPostprocessing = 0;
		};
/* End PBXSourcesBuildPhase section */

/* Begin XCBuildConfiguration section */
		61A5B4E3294B65D300504634 /* Debug */ = {
			isa = XCBuildConfiguration;
			buildSettings = {
				ALWAYS_SEARCH_USER_PATHS = NO;
				CLANG_ANALYZER_NONNULL = YES;
				CLANG_ANALYZER_NUMBER_OBJECT_CONVERSION = YES_AGGRESSIVE;
				CLANG_CXX_LANGUAGE_STANDARD = "gnu++20";
				CLANG_ENABLE_MODULES = YES;
				CLANG_ENABLE_OBJC_ARC = YES;
				CLANG_ENABLE_OBJC_WEAK = YES;
				CLANG_WARN_BLOCK_CAPTURE_AUTORELEASING = YES;
				CLANG_WARN_BOOL_CONVERSION = YES;
				CLANG_WARN_COMMA = YES;
				CLANG_WARN_CONSTANT_CONVERSION = YES;
				CLANG_WARN_DEPRECATED_OBJC_IMPLEMENTATIONS = YES;
				CLANG_WARN_DIRECT_OBJC_ISA_USAGE = YES_ERROR;
				CLANG_WARN_DOCUMENTATION_COMMENTS = YES;
				CLANG_WARN_EMPTY_BODY = YES;
				CLANG_WARN_ENUM_CONVERSION = YES;
				CLANG_WARN_INFINITE_RECURSION = YES;
				CLANG_WARN_INT_CONVERSION = YES;
				CLANG_WARN_NON_LITERAL_NULL_CONVERSION = YES;
				CLANG_WARN_OBJC_IMPLICIT_RETAIN_SELF = YES;
				CLANG_WARN_OBJC_LITERAL_CONVERSION = YES;
				CLANG_WARN_OBJC_ROOT_CLASS = YES_ERROR;
				CLANG_WARN_QUOTED_INCLUDE_IN_FRAMEWORK_HEADER = YES;
				CLANG_WARN_RANGE_LOOP_ANALYSIS = YES;
				CLANG_WARN_STRICT_PROTOTYPES = YES;
				CLANG_WARN_SUSPICIOUS_MOVE = YES;
				CLANG_WARN_UNGUARDED_AVAILABILITY = YES_AGGRESSIVE;
				CLANG_WARN_UNREACHABLE_CODE = YES;
				CLANG_WARN__DUPLICATE_METHOD_MATCH = YES;
				COPY_PHASE_STRIP = NO;
				DEBUG_INFORMATION_FORMAT = dwarf;
				ENABLE_STRICT_OBJC_MSGSEND = YES;
				ENABLE_TESTABILITY = YES;
				GCC_C_LANGUAGE_STANDARD = gnu11;
				GCC_DYNAMIC_NO_PIC = NO;
				GCC_NO_COMMON_BLOCKS = YES;
				GCC_OPTIMIZATION_LEVEL = 0;
				GCC_PREPROCESSOR_DEFINITIONS = (
					"DEBUG=1",
					"$(inherited)",
				);
				GCC_WARN_64_TO_32_BIT_CONVERSION = YES;
				GCC_WARN_ABOUT_RETURN_TYPE = YES_ERROR;
				GCC_WARN_UNDECLARED_SELECTOR = YES;
				GCC_WARN_UNINITIALIZED_AUTOS = YES_AGGRESSIVE;
				GCC_WARN_UNUSED_FUNCTION = YES;
				GCC_WARN_UNUSED_VARIABLE = YES;
				IPHONEOS_DEPLOYMENT_TARGET = 16.1;
				MTL_ENABLE_DEBUG_INFO = INCLUDE_SOURCE;
				MTL_FAST_MATH = YES;
				ONLY_ACTIVE_ARCH = YES;
				SDKROOT = iphoneos;
				SWIFT_ACTIVE_COMPILATION_CONDITIONS = DEBUG;
				SWIFT_OPTIMIZATION_LEVEL = "-Onone";
			};
			name = Debug;
		};
		61A5B4E4294B65D300504634 /* Release */ = {
			isa = XCBuildConfiguration;
			buildSettings = {
				ALWAYS_SEARCH_USER_PATHS = NO;
				CLANG_ANALYZER_NONNULL = YES;
				CLANG_ANALYZER_NUMBER_OBJECT_CONVERSION = YES_AGGRESSIVE;
				CLANG_CXX_LANGUAGE_STANDARD = "gnu++20";
				CLANG_ENABLE_MODULES = YES;
				CLANG_ENABLE_OBJC_ARC = YES;
				CLANG_ENABLE_OBJC_WEAK = YES;
				CLANG_WARN_BLOCK_CAPTURE_AUTORELEASING = YES;
				CLANG_WARN_BOOL_CONVERSION = YES;
				CLANG_WARN_COMMA = YES;
				CLANG_WARN_CONSTANT_CONVERSION = YES;
				CLANG_WARN_DEPRECATED_OBJC_IMPLEMENTATIONS = YES;
				CLANG_WARN_DIRECT_OBJC_ISA_USAGE = YES_ERROR;
				CLANG_WARN_DOCUMENTATION_COMMENTS = YES;
				CLANG_WARN_EMPTY_BODY = YES;
				CLANG_WARN_ENUM_CONVERSION = YES;
				CLANG_WARN_INFINITE_RECURSION = YES;
				CLANG_WARN_INT_CONVERSION = YES;
				CLANG_WARN_NON_LITERAL_NULL_CONVERSION = YES;
				CLANG_WARN_OBJC_IMPLICIT_RETAIN_SELF = YES;
				CLANG_WARN_OBJC_LITERAL_CONVERSION = YES;
				CLANG_WARN_OBJC_ROOT_CLASS = YES_ERROR;
				CLANG_WARN_QUOTED_INCLUDE_IN_FRAMEWORK_HEADER = YES;
				CLANG_WARN_RANGE_LOOP_ANALYSIS = YES;
				CLANG_WARN_STRICT_PROTOTYPES = YES;
				CLANG_WARN_SUSPICIOUS_MOVE = YES;
				CLANG_WARN_UNGUARDED_AVAILABILITY = YES_AGGRESSIVE;
				CLANG_WARN_UNREACHABLE_CODE = YES;
				CLANG_WARN__DUPLICATE_METHOD_MATCH = YES;
				COPY_PHASE_STRIP = NO;
				DEBUG_INFORMATION_FORMAT = "dwarf-with-dsym";
				ENABLE_NS_ASSERTIONS = NO;
				ENABLE_STRICT_OBJC_MSGSEND = YES;
				GCC_C_LANGUAGE_STANDARD = gnu11;
				GCC_NO_COMMON_BLOCKS = YES;
				GCC_WARN_64_TO_32_BIT_CONVERSION = YES;
				GCC_WARN_ABOUT_RETURN_TYPE = YES_ERROR;
				GCC_WARN_UNDECLARED_SELECTOR = YES;
				GCC_WARN_UNINITIALIZED_AUTOS = YES_AGGRESSIVE;
				GCC_WARN_UNUSED_FUNCTION = YES;
				GCC_WARN_UNUSED_VARIABLE = YES;
				IPHONEOS_DEPLOYMENT_TARGET = 16.1;
				MTL_ENABLE_DEBUG_INFO = NO;
				MTL_FAST_MATH = YES;
				SDKROOT = iphoneos;
				SWIFT_COMPILATION_MODE = wholemodule;
				SWIFT_OPTIMIZATION_LEVEL = "-O";
				VALIDATE_PRODUCT = YES;
			};
			name = Release;
		};
		61A5B4E6294B65D300504634 /* Debug */ = {
			isa = XCBuildConfiguration;
			buildSettings = {
				ASSETCATALOG_COMPILER_APPICON_NAME = AppIcon;
				ASSETCATALOG_COMPILER_GLOBAL_ACCENT_COLOR_NAME = AccentColor;
				ASSETCATALOG_COMPILER_INCLUDE_ALL_APPICON_ASSETS = NO;
				CODE_SIGN_STYLE = Automatic;
				CURRENT_PROJECT_VERSION = 1;
				DEVELOPMENT_ASSET_PATHS = "\"sub/Preview Content\"";
				DEVELOPMENT_TEAM = 525474LL63;
				ENABLE_PREVIEWS = YES;
				GENERATE_INFOPLIST_FILE = YES;
				INFOPLIST_KEY_CFBundleDisplayName = SubMe;
				INFOPLIST_KEY_LSApplicationCategoryType = "public.app-category.finance";
				INFOPLIST_KEY_UIApplicationSceneManifest_Generation = YES;
				INFOPLIST_KEY_UIApplicationSupportsIndirectInputEvents = YES;
				INFOPLIST_KEY_UILaunchScreen_Generation = YES;
				INFOPLIST_KEY_UILaunchStoryboardName = "Launch Screen.storyboard";
				INFOPLIST_KEY_UIStatusBarStyle = "";
				INFOPLIST_KEY_UISupportedInterfaceOrientations = UIInterfaceOrientationPortrait;
				INFOPLIST_KEY_UISupportedInterfaceOrientations_iPad = "UIInterfaceOrientationLandscapeLeft UIInterfaceOrientationLandscapeRight UIInterfaceOrientationPortrait UIInterfaceOrientationPortraitUpsideDown";
				LD_RUNPATH_SEARCH_PATHS = (
					"$(inherited)",
					"@executable_path/Frameworks",
				);
				MARKETING_VERSION = 1.0;
				PRODUCT_BUNDLE_IDENTIFIER = com.mateuszwiacek.sub;
				PRODUCT_NAME = "$(TARGET_NAME)";
				SWIFT_EMIT_LOC_STRINGS = YES;
				SWIFT_VERSION = 5.0;
				TARGETED_DEVICE_FAMILY = "1,2";
			};
			name = Debug;
		};
		61A5B4E7294B65D300504634 /* Release */ = {
			isa = XCBuildConfiguration;
			buildSettings = {
				ASSETCATALOG_COMPILER_APPICON_NAME = AppIcon;
				ASSETCATALOG_COMPILER_GLOBAL_ACCENT_COLOR_NAME = AccentColor;
				ASSETCATALOG_COMPILER_INCLUDE_ALL_APPICON_ASSETS = NO;
				CODE_SIGN_STYLE = Automatic;
				CURRENT_PROJECT_VERSION = 1;
				DEVELOPMENT_ASSET_PATHS = "\"sub/Preview Content\"";
				DEVELOPMENT_TEAM = 525474LL63;
				ENABLE_PREVIEWS = YES;
				GENERATE_INFOPLIST_FILE = YES;
				INFOPLIST_KEY_CFBundleDisplayName = SubMe;
				INFOPLIST_KEY_LSApplicationCategoryType = "public.app-category.finance";
				INFOPLIST_KEY_UIApplicationSceneManifest_Generation = YES;
				INFOPLIST_KEY_UIApplicationSupportsIndirectInputEvents = YES;
				INFOPLIST_KEY_UILaunchScreen_Generation = YES;
				INFOPLIST_KEY_UILaunchStoryboardName = "Launch Screen.storyboard";
				INFOPLIST_KEY_UIStatusBarStyle = "";
				INFOPLIST_KEY_UISupportedInterfaceOrientations = UIInterfaceOrientationPortrait;
				INFOPLIST_KEY_UISupportedInterfaceOrientations_iPad = "UIInterfaceOrientationLandscapeLeft UIInterfaceOrientationLandscapeRight UIInterfaceOrientationPortrait UIInterfaceOrientationPortraitUpsideDown";
				LD_RUNPATH_SEARCH_PATHS = (
					"$(inherited)",
					"@executable_path/Frameworks",
				);
				MARKETING_VERSION = 1.0;
				PRODUCT_BUNDLE_IDENTIFIER = com.mateuszwiacek.sub;
				PRODUCT_NAME = "$(TARGET_NAME)";
				SWIFT_EMIT_LOC_STRINGS = YES;
				SWIFT_VERSION = 5.0;
				TARGETED_DEVICE_FAMILY = "1,2";
			};
			name = Release;
		};
/* End XCBuildConfiguration section */

/* Begin XCConfigurationList section */
		61A5B4D2294B65D200504634 /* Build configuration list for PBXProject "sub" */ = {
			isa = XCConfigurationList;
			buildConfigurations = (
				61A5B4E3294B65D300504634 /* Debug */,
				61A5B4E4294B65D300504634 /* Release */,
			);
			defaultConfigurationIsVisible = 0;
			defaultConfigurationName = Release;
		};
		61A5B4E5294B65D300504634 /* Build configuration list for PBXNativeTarget "sub" */ = {
			isa = XCConfigurationList;
			buildConfigurations = (
				61A5B4E6294B65D300504634 /* Debug */,
				61A5B4E7294B65D300504634 /* Release */,
			);
			defaultConfigurationIsVisible = 0;
			defaultConfigurationName = Release;
		};
/* End XCConfigurationList section */
	};
	rootObject = 61A5B4CF294B65D200504634 /* Project object */;
}
